
Microsoft Visual Studio Solution File, Format Version 12.00
# Visual Studio 15
VisualStudioVersion = 15.0.28307.779
MinimumVisualStudioVersion = 10.0.40219.1
Project("{FAE04EC0-301F-11D3-BF4B-00C04F79EFBC}") = "CardValidator", "CardValidator\CardValidator.csproj", "{F321C594-571A-4002-AEE7-E54F95A2FFF5}"
EndProject
Global
	GlobalSection(SolutionConfigurationPlatforms) = preSolution
		Debug|Any CPU = Debug|Any CPU
		Release|Any CPU = Release|Any CPU
	EndGlobalSection
	GlobalSection(ProjectConfigurationPlatforms) = postSolution
		{F321C594-571A-4002-AEE7-E54F95A2FFF5}.Debug|Any CPU.ActiveCfg = Debug|Any CPU
		{F321C594-571A-4002-AEE7-E54F95A2FFF5}.Debug|Any CPU.Build.0 = Debug|Any CPU
		{F321C594-571A-4002-AEE7-E54F95A2FFF5}.Release|Any CPU.ActiveCfg = Release|Any CPU
		{F321C594-571A-4002-AEE7-E54F95A2FFF5}.Release|Any CPU.Build.0 = Release|Any CPU
	EndGlobalSection
	GlobalSection(SolutionProperties) = preSolution
		HideSolutionNode = FALSE
	EndGlobalSection
	GlobalSection(ExtensibilityGlobals) = postSolution
		SolutionGuid = {449201C5-5310-4EE9-914C-B91ACA1E207E}
	EndGlobalSection
EndGlobal
