
Microsoft Visual Studio Solution File, Format Version 12.00
# Visual Studio 15
VisualStudioVersion = 15.0.28307.757
MinimumVisualStudioVersion = 10.0.40219.1
Project("{FAE04EC0-301F-11D3-BF4B-00C04F79EFBC}") = "InputFormParanoid", "InputFormParanoid\InputFormParanoid.csproj", "{576C8C05-B870-4448-9F6C-15FBB307A205}"
EndProject
Global
	GlobalSection(SolutionConfigurationPlatforms) = preSolution
		Debug|Any CPU = Debug|Any CPU
		Release|Any CPU = Release|Any CPU
	EndGlobalSection
	GlobalSection(ProjectConfigurationPlatforms) = postSolution
		{576C8C05-B870-4448-9F6C-15FBB307A205}.Debug|Any CPU.ActiveCfg = Debug|Any CPU
		{576C8C05-B870-4448-9F6C-15FBB307A205}.Debug|Any CPU.Build.0 = Debug|Any CPU
		{576C8C05-B870-4448-9F6C-15FBB307A205}.Release|Any CPU.ActiveCfg = Release|Any CPU
		{576C8C05-B870-4448-9F6C-15FBB307A205}.Release|Any CPU.Build.0 = Release|Any CPU
	EndGlobalSection
	GlobalSection(SolutionProperties) = preSolution
		HideSolutionNode = FALSE
	EndGlobalSection
	GlobalSection(ExtensibilityGlobals) = postSolution
		SolutionGuid = {578BF222-76DB-44BA-AD10-EE86E6A57465}
	EndGlobalSection
EndGlobal
